// !$*UTF8*$!
{
	archiveVersion = 1;
	classes = {
	};
	objectVersion = 56;
	objects = {

/* Begin PBXBuildFile section */
		A84E49702B969E4E00AB19EE /* bereal_cloneApp.swift in Sources */ = {isa = PBXBuildFile; fileRef = A84E496F2B969E4E00AB19EE /* bereal_cloneApp.swift */; };
		A84E49722B969E4E00AB19EE /* ContentView.swift in Sources */ = {isa = PBXBuildFile; fileRef = A84E49712B969E4E00AB19EE /* ContentView.swift */; };
		A84E49742B969E5000AB19EE /* Assets.xcassets in Resources */ = {isa = PBXBuildFile; fileRef = A84E49732B969E5000AB19EE /* Assets.xcassets */; };
		A84E49772B969E5000AB19EE /* Preview Assets.xcassets in Resources */ = {isa = PBXBuildFile; fileRef = A84E49762B969E5000AB19EE /* Preview Assets.xcassets */; };
		A84E497F2B96A09100AB19EE /* Auth in Frameworks */ = {isa = PBXBuildFile; productRef = A84E497E2B96A09100AB19EE /* Auth */; };
		A84E49812B96A09100AB19EE /* Functions in Frameworks */ = {isa = PBXBuildFile; productRef = A84E49802B96A09100AB19EE /* Functions */; };
		A84E49832B96A09100AB19EE /* PostgREST in Frameworks */ = {isa = PBXBuildFile; productRef = A84E49822B96A09100AB19EE /* PostgREST */; };
		A84E49852B96A09100AB19EE /* Realtime in Frameworks */ = {isa = PBXBuildFile; productRef = A84E49842B96A09100AB19EE /* Realtime */; };
		A84E49872B96A09100AB19EE /* Storage in Frameworks */ = {isa = PBXBuildFile; productRef = A84E49862B96A09100AB19EE /* Storage */; };
		A8F750122B96A61100925363 /* supabase.swift in Sources */ = {isa = PBXBuildFile; fileRef = A8F750112B96A61100925363 /* supabase.swift */; };
		A8F750142B96A63300925363 /* Auth in Frameworks */ = {isa = PBXBuildFile; productRef = A8F750132B96A63300925363 /* Auth */; };
		A8F750162B96A63300925363 /* Functions in Frameworks */ = {isa = PBXBuildFile; productRef = A8F750152B96A63300925363 /* Functions */; };
		A8F750182B96A63300925363 /* PostgREST in Frameworks */ = {isa = PBXBuildFile; productRef = A8F750172B96A63300925363 /* PostgREST */; };
		A8F7501A2B96A63300925363 /* Realtime in Frameworks */ = {isa = PBXBuildFile; productRef = A8F750192B96A63300925363 /* Realtime */; };
		A8F7501C2B96A63300925363 /* Storage in Frameworks */ = {isa = PBXBuildFile; productRef = A8F7501B2B96A63300925363 /* Storage */; };
		A8F7501E2B96A63300925363 /* Supabase in Frameworks */ = {isa = PBXBuildFile; productRef = A8F7501D2B96A63300925363 /* Supabase */; };
		A8F750222B96A7CB00925363 /* AuthView.swift in Sources */ = {isa = PBXBuildFile; fileRef = A8F750212B96A7CB00925363 /* AuthView.swift */; };
		A8F750252B96AE5200925363 /* ProfileView.swift in Sources */ = {isa = PBXBuildFile; fileRef = A8F750242B96AE5200925363 /* ProfileView.swift */; };
		A8F750282B96B2C300925363 /* supabaseModels.swift in Sources */ = {isa = PBXBuildFile; fileRef = A8F750272B96B2C300925363 /* supabaseModels.swift */; };
		A8F7502A2B96C00100925363 /* SignUpView.swift in Sources */ = {isa = PBXBuildFile; fileRef = A8F750292B96C00100925363 /* SignUpView.swift */; };
		A8F7502C2B96C17000925363 /* SignInView.swift in Sources */ = {isa = PBXBuildFile; fileRef = A8F7502B2B96C17000925363 /* SignInView.swift */; };
		A8F7502E2B97EAE500925363 /* InputFieldView.swift in Sources */ = {isa = PBXBuildFile; fileRef = A8F7502D2B97EAE400925363 /* InputFieldView.swift */; };
/* End PBXBuildFile section */

/* Begin PBXFileReference section */
		A84E496C2B969E4E00AB19EE /* bereal-clone.app */ = {isa = PBXFileReference; explicitFileType = wrapper.application; includeInIndex = 0; path = "bereal-clone.app"; sourceTree = BUILT_PRODUCTS_DIR; };
		A84E496F2B969E4E00AB19EE /* bereal_cloneApp.swift */ = {isa = PBXFileReference; lastKnownFileType = sourcecode.swift; path = bereal_cloneApp.swift; sourceTree = "<group>"; };
		A84E49712B969E4E00AB19EE /* ContentView.swift */ = {isa = PBXFileReference; lastKnownFileType = sourcecode.swift; path = ContentView.swift; sourceTree = "<group>"; };
		A84E49732B969E5000AB19EE /* Assets.xcassets */ = {isa = PBXFileReference; lastKnownFileType = folder.assetcatalog; path = Assets.xcassets; sourceTree = "<group>"; };
		A84E49762B969E5000AB19EE /* Preview Assets.xcassets */ = {isa = PBXFileReference; lastKnownFileType = folder.assetcatalog; path = "Preview Assets.xcassets"; sourceTree = "<group>"; };
		A8F750112B96A61100925363 /* supabase.swift */ = {isa = PBXFileReference; lastKnownFileType = sourcecode.swift; path = supabase.swift; sourceTree = "<group>"; };
		A8F750212B96A7CB00925363 /* AuthView.swift */ = {isa = PBXFileReference; lastKnownFileType = sourcecode.swift; path = AuthView.swift; sourceTree = "<group>"; };
		A8F750232B96AD5400925363 /* Info.plist */ = {isa = PBXFileReference; lastKnownFileType = text.plist; path = Info.plist; sourceTree = "<group>"; };
		A8F750242B96AE5200925363 /* ProfileView.swift */ = {isa = PBXFileReference; lastKnownFileType = sourcecode.swift; path = ProfileView.swift; sourceTree = "<group>"; };
		A8F750272B96B2C300925363 /* supabaseModels.swift */ = {isa = PBXFileReference; lastKnownFileType = sourcecode.swift; path = supabaseModels.swift; sourceTree = "<group>"; };
		A8F750292B96C00100925363 /* SignUpView.swift */ = {isa = PBXFileReference; lastKnownFileType = sourcecode.swift; path = SignUpView.swift; sourceTree = "<group>"; };
		A8F7502B2B96C17000925363 /* SignInView.swift */ = {isa = PBXFileReference; lastKnownFileType = sourcecode.swift; path = SignInView.swift; sourceTree = "<group>"; };
		A8F7502D2B97EAE400925363 /* InputFieldView.swift */ = {isa = PBXFileReference; lastKnownFileType = sourcecode.swift; path = InputFieldView.swift; sourceTree = "<group>"; };
/* End PBXFileReference section */

/* Begin PBXFrameworksBuildPhase section */
		A84E49692B969E4E00AB19EE /* Frameworks */ = {
			isa = PBXFrameworksBuildPhase;
			buildActionMask = 2147483647;
			files = (
				A8F7501E2B96A63300925363 /* Supabase in Frameworks */,
				A8F7501A2B96A63300925363 /* Realtime in Frameworks */,
				A84E49832B96A09100AB19EE /* PostgREST in Frameworks */,
				A84E49812B96A09100AB19EE /* Functions in Frameworks */,
				A8F750142B96A63300925363 /* Auth in Frameworks */,
				A84E497F2B96A09100AB19EE /* Auth in Frameworks */,
				A8F750182B96A63300925363 /* PostgREST in Frameworks */,
				A8F750162B96A63300925363 /* Functions in Frameworks */,
				A84E49872B96A09100AB19EE /* Storage in Frameworks */,
				A8F7501C2B96A63300925363 /* Storage in Frameworks */,
				A84E49852B96A09100AB19EE /* Realtime in Frameworks */,
			);
			runOnlyForDeploymentPostprocessing = 0;
		};
/* End PBXFrameworksBuildPhase section */

/* Begin PBXGroup section */
		A84E49632B969E4E00AB19EE = {
			isa = PBXGroup;
			children = (
				A84E496E2B969E4E00AB19EE /* bereal-clone */,
				A84E496D2B969E4E00AB19EE /* Products */,
			);
			sourceTree = "<group>";
		};
		A84E496D2B969E4E00AB19EE /* Products */ = {
			isa = PBXGroup;
			children = (
				A84E496C2B969E4E00AB19EE /* bereal-clone.app */,
			);
			name = Products;
			sourceTree = "<group>";
		};
		A84E496E2B969E4E00AB19EE /* bereal-clone */ = {
			isa = PBXGroup;
			children = (
				A8F750262B96B29A00925363 /* models */,
				A8F750232B96AD5400925363 /* Info.plist */,
				A84E498B2B96A30D00AB19EE /* views */,
				A84E498A2B96A22000AB19EE /* lib */,
				A84E496F2B969E4E00AB19EE /* bereal_cloneApp.swift */,
				A84E49712B969E4E00AB19EE /* ContentView.swift */,
				A84E49732B969E5000AB19EE /* Assets.xcassets */,
				A84E49752B969E5000AB19EE /* Preview Content */,
			);
			path = "bereal-clone";
			sourceTree = "<group>";
		};
		A84E49752B969E5000AB19EE /* Preview Content */ = {
			isa = PBXGroup;
			children = (
				A84E49762B969E5000AB19EE /* Preview Assets.xcassets */,
			);
			path = "Preview Content";
			sourceTree = "<group>";
		};
		A84E498A2B96A22000AB19EE /* lib */ = {
			isa = PBXGroup;
			children = (
				A8F750112B96A61100925363 /* supabase.swift */,
			);
			path = lib;
			sourceTree = "<group>";
		};
		A84E498B2B96A30D00AB19EE /* views */ = {
			isa = PBXGroup;
			children = (
				A8F750212B96A7CB00925363 /* AuthView.swift */,
				A8F750242B96AE5200925363 /* ProfileView.swift */,
				A8F750292B96C00100925363 /* SignUpView.swift */,
				A8F7502B2B96C17000925363 /* SignInView.swift */,
				A8F7502D2B97EAE400925363 /* InputFieldView.swift */,
			);
			path = views;
			sourceTree = "<group>";
		};
		A8F750262B96B29A00925363 /* models */ = {
			isa = PBXGroup;
			children = (
				A8F750272B96B2C300925363 /* supabaseModels.swift */,
			);
			path = models;
			sourceTree = "<group>";
		};
/* End PBXGroup section */

/* Begin PBXNativeTarget section */
		A84E496B2B969E4E00AB19EE /* bereal-clone */ = {
			isa = PBXNativeTarget;
			buildConfigurationList = A84E497A2B969E5000AB19EE /* Build configuration list for PBXNativeTarget "bereal-clone" */;
			buildPhases = (
				A84E49682B969E4E00AB19EE /* Sources */,
				A84E49692B969E4E00AB19EE /* Frameworks */,
				A84E496A2B969E4E00AB19EE /* Resources */,
			);
			buildRules = (
			);
			dependencies = (
			);
			name = "bereal-clone";
			packageProductDependencies = (
				A84E497E2B96A09100AB19EE /* Auth */,
				A84E49802B96A09100AB19EE /* Functions */,
				A84E49822B96A09100AB19EE /* PostgREST */,
				A84E49842B96A09100AB19EE /* Realtime */,
				A84E49862B96A09100AB19EE /* Storage */,
				A8F750132B96A63300925363 /* Auth */,
				A8F750152B96A63300925363 /* Functions */,
				A8F750172B96A63300925363 /* PostgREST */,
				A8F750192B96A63300925363 /* Realtime */,
				A8F7501B2B96A63300925363 /* Storage */,
				A8F7501D2B96A63300925363 /* Supabase */,
			);
			productName = "bereal-clone";
			productReference = A84E496C2B969E4E00AB19EE /* bereal-clone.app */;
			productType = "com.apple.product-type.application";
		};
/* End PBXNativeTarget section */

/* Begin PBXProject section */
		A84E49642B969E4E00AB19EE /* Project object */ = {
			isa = PBXProject;
			attributes = {
				BuildIndependentTargetsInParallel = 1;
				LastSwiftUpdateCheck = 1520;
				LastUpgradeCheck = 1520;
				TargetAttributes = {
					A84E496B2B969E4E00AB19EE = {
						CreatedOnToolsVersion = 15.2;
					};
				};
			};
			buildConfigurationList = A84E49672B969E4E00AB19EE /* Build configuration list for PBXProject "bereal-clone" */;
			compatibilityVersion = "Xcode 14.0";
			developmentRegion = en;
			hasScannedForEncodings = 0;
			knownRegions = (
				en,
				Base,
			);
			mainGroup = A84E49632B969E4E00AB19EE;
			packageReferences = (
				A84E497D2B96A09000AB19EE /* XCRemoteSwiftPackageReference "supabase-swift" */,
			);
			productRefGroup = A84E496D2B969E4E00AB19EE /* Products */;
			projectDirPath = "";
			projectRoot = "";
			targets = (
				A84E496B2B969E4E00AB19EE /* bereal-clone */,
			);
		};
/* End PBXProject section */

/* Begin PBXResourcesBuildPhase section */
		A84E496A2B969E4E00AB19EE /* Resources */ = {
			isa = PBXResourcesBuildPhase;
			buildActionMask = 2147483647;
			files = (
				A84E49772B969E5000AB19EE /* Preview Assets.xcassets in Resources */,
				A84E49742B969E5000AB19EE /* Assets.xcassets in Resources */,
			);
			runOnlyForDeploymentPostprocessing = 0;
		};
/* End PBXResourcesBuildPhase section */

/* Begin PBXSourcesBuildPhase section */
		A84E49682B969E4E00AB19EE /* Sources */ = {
			isa = PBXSourcesBuildPhase;
			buildActionMask = 2147483647;
			files = (
				A8F750122B96A61100925363 /* supabase.swift in Sources */,
				A84E49722B969E4E00AB19EE /* ContentView.swift in Sources */,
				A8F750252B96AE5200925363 /* ProfileView.swift in Sources */,
				A8F7502A2B96C00100925363 /* SignUpView.swift in Sources */,
				A8F750222B96A7CB00925363 /* AuthView.swift in Sources */,
				A84E49702B969E4E00AB19EE /* bereal_cloneApp.swift in Sources */,
				A8F7502C2B96C17000925363 /* SignInView.swift in Sources */,
				A8F750282B96B2C300925363 /* supabaseModels.swift in Sources */,
				A8F7502E2B97EAE500925363 /* InputFieldView.swift in Sources */,
			);
			runOnlyForDeploymentPostprocessing = 0;
		};
/* End PBXSourcesBuildPhase section */

/* Begin XCBuildConfiguration section */
		A84E49782B969E5000AB19EE /* Debug */ = {
			isa = XCBuildConfiguration;
			buildSettings = {
				ALWAYS_SEARCH_USER_PATHS = NO;
				ASSETCATALOG_COMPILER_GENERATE_SWIFT_ASSET_SYMBOL_EXTENSIONS = YES;
				CLANG_ANALYZER_NONNULL = YES;
				CLANG_ANALYZER_NUMBER_OBJECT_CONVERSION = YES_AGGRESSIVE;
				CLANG_CXX_LANGUAGE_STANDARD = "gnu++20";
				CLANG_ENABLE_MODULES = YES;
				CLANG_ENABLE_OBJC_ARC = YES;
				CLANG_ENABLE_OBJC_WEAK = YES;
				CLANG_WARN_BLOCK_CAPTURE_AUTORELEASING = YES;
				CLANG_WARN_BOOL_CONVERSION = YES;
				CLANG_WARN_COMMA = YES;
				CLANG_WARN_CONSTANT_CONVERSION = YES;
				CLANG_WARN_DEPRECATED_OBJC_IMPLEMENTATIONS = YES;
				CLANG_WARN_DIRECT_OBJC_ISA_USAGE = YES_ERROR;
				CLANG_WARN_DOCUMENTATION_COMMENTS = YES;
				CLANG_WARN_EMPTY_BODY = YES;
				CLANG_WARN_ENUM_CONVERSION = YES;
				CLANG_WARN_INFINITE_RECURSION = YES;
				CLANG_WARN_INT_CONVERSION = YES;
				CLANG_WARN_NON_LITERAL_NULL_CONVERSION = YES;
				CLANG_WARN_OBJC_IMPLICIT_RETAIN_SELF = YES;
				CLANG_WARN_OBJC_LITERAL_CONVERSION = YES;
				CLANG_WARN_OBJC_ROOT_CLASS = YES_ERROR;
				CLANG_WARN_QUOTED_INCLUDE_IN_FRAMEWORK_HEADER = YES;
				CLANG_WARN_RANGE_LOOP_ANALYSIS = YES;
				CLANG_WARN_STRICT_PROTOTYPES = YES;
				CLANG_WARN_SUSPICIOUS_MOVE = YES;
				CLANG_WARN_UNGUARDED_AVAILABILITY = YES_AGGRESSIVE;
				CLANG_WARN_UNREACHABLE_CODE = YES;
				CLANG_WARN__DUPLICATE_METHOD_MATCH = YES;
				COPY_PHASE_STRIP = NO;
				DEBUG_INFORMATION_FORMAT = dwarf;
				ENABLE_STRICT_OBJC_MSGSEND = YES;
				ENABLE_TESTABILITY = YES;
				ENABLE_USER_SCRIPT_SANDBOXING = YES;
				GCC_C_LANGUAGE_STANDARD = gnu17;
				GCC_DYNAMIC_NO_PIC = NO;
				GCC_NO_COMMON_BLOCKS = YES;
				GCC_OPTIMIZATION_LEVEL = 0;
				GCC_PREPROCESSOR_DEFINITIONS = (
					"DEBUG=1",
					"$(inherited)",
				);
				GCC_WARN_64_TO_32_BIT_CONVERSION = YES;
				GCC_WARN_ABOUT_RETURN_TYPE = YES_ERROR;
				GCC_WARN_UNDECLARED_SELECTOR = YES;
				GCC_WARN_UNINITIALIZED_AUTOS = YES_AGGRESSIVE;
				GCC_WARN_UNUSED_FUNCTION = YES;
				GCC_WARN_UNUSED_VARIABLE = YES;
				INFOPLIST_PREPROCESS = NO;
				IPHONEOS_DEPLOYMENT_TARGET = 17.2;
				LOCALIZATION_PREFERS_STRING_CATALOGS = YES;
				MTL_ENABLE_DEBUG_INFO = INCLUDE_SOURCE;
				MTL_FAST_MATH = YES;
				ONLY_ACTIVE_ARCH = YES;
				SDKROOT = iphoneos;
				SWIFT_ACTIVE_COMPILATION_CONDITIONS = "DEBUG $(inherited)";
				SWIFT_OPTIMIZATION_LEVEL = "-Onone";
			};
			name = Debug;
		};
		A84E49792B969E5000AB19EE /* Release */ = {
			isa = XCBuildConfiguration;
			buildSettings = {
				ALWAYS_SEARCH_USER_PATHS = NO;
				ASSETCATALOG_COMPILER_GENERATE_SWIFT_ASSET_SYMBOL_EXTENSIONS = YES;
				CLANG_ANALYZER_NONNULL = YES;
				CLANG_ANALYZER_NUMBER_OBJECT_CONVERSION = YES_AGGRESSIVE;
				CLANG_CXX_LANGUAGE_STANDARD = "gnu++20";
				CLANG_ENABLE_MODULES = YES;
				CLANG_ENABLE_OBJC_ARC = YES;
				CLANG_ENABLE_OBJC_WEAK = YES;
				CLANG_WARN_BLOCK_CAPTURE_AUTORELEASING = YES;
				CLANG_WARN_BOOL_CONVERSION = YES;
				CLANG_WARN_COMMA = YES;
				CLANG_WARN_CONSTANT_CONVERSION = YES;
				CLANG_WARN_DEPRECATED_OBJC_IMPLEMENTATIONS = YES;
				CLANG_WARN_DIRECT_OBJC_ISA_USAGE = YES_ERROR;
				CLANG_WARN_DOCUMENTATION_COMMENTS = YES;
				CLANG_WARN_EMPTY_BODY = YES;
				CLANG_WARN_ENUM_CONVERSION = YES;
				CLANG_WARN_INFINITE_RECURSION = YES;
				CLANG_WARN_INT_CONVERSION = YES;
				CLANG_WARN_NON_LITERAL_NULL_CONVERSION = YES;
				CLANG_WARN_OBJC_IMPLICIT_RETAIN_SELF = YES;
				CLANG_WARN_OBJC_LITERAL_CONVERSION = YES;
				CLANG_WARN_OBJC_ROOT_CLASS = YES_ERROR;
				CLANG_WARN_QUOTED_INCLUDE_IN_FRAMEWORK_HEADER = YES;
				CLANG_WARN_RANGE_LOOP_ANALYSIS = YES;
				CLANG_WARN_STRICT_PROTOTYPES = YES;
				CLANG_WARN_SUSPICIOUS_MOVE = YES;
				CLANG_WARN_UNGUARDED_AVAILABILITY = YES_AGGRESSIVE;
				CLANG_WARN_UNREACHABLE_CODE = YES;
				CLANG_WARN__DUPLICATE_METHOD_MATCH = YES;
				COPY_PHASE_STRIP = NO;
				DEBUG_INFORMATION_FORMAT = "dwarf-with-dsym";
				ENABLE_NS_ASSERTIONS = NO;
				ENABLE_STRICT_OBJC_MSGSEND = YES;
				ENABLE_USER_SCRIPT_SANDBOXING = YES;
				GCC_C_LANGUAGE_STANDARD = gnu17;
				GCC_NO_COMMON_BLOCKS = YES;
				GCC_WARN_64_TO_32_BIT_CONVERSION = YES;
				GCC_WARN_ABOUT_RETURN_TYPE = YES_ERROR;
				GCC_WARN_UNDECLARED_SELECTOR = YES;
				GCC_WARN_UNINITIALIZED_AUTOS = YES_AGGRESSIVE;
				GCC_WARN_UNUSED_FUNCTION = YES;
				GCC_WARN_UNUSED_VARIABLE = YES;
				INFOPLIST_PREPROCESS = NO;
				IPHONEOS_DEPLOYMENT_TARGET = 17.2;
				LOCALIZATION_PREFERS_STRING_CATALOGS = YES;
				MTL_ENABLE_DEBUG_INFO = NO;
				MTL_FAST_MATH = YES;
				SDKROOT = iphoneos;
				SWIFT_COMPILATION_MODE = wholemodule;
				VALIDATE_PRODUCT = YES;
			};
			name = Release;
		};
		A84E497B2B969E5000AB19EE /* Debug */ = {
			isa = XCBuildConfiguration;
			buildSettings = {
				ASSETCATALOG_COMPILER_APPICON_NAME = AppIcon;
				ASSETCATALOG_COMPILER_GLOBAL_ACCENT_COLOR_NAME = AccentColor;
				CODE_SIGN_STYLE = Automatic;
				CURRENT_PROJECT_VERSION = 1;
				DEVELOPMENT_ASSET_PATHS = "\"bereal-clone/Preview Content\"";
				DEVELOPMENT_TEAM = N5XJ8MYCY3;
				ENABLE_PREVIEWS = YES;
				GENERATE_INFOPLIST_FILE = YES;
				INFOPLIST_FILE = "bereal-clone/Info.plist";
				INFOPLIST_KEY_UIApplicationSceneManifest_Generation = YES;
				INFOPLIST_KEY_UIApplicationSupportsIndirectInputEvents = YES;
				INFOPLIST_KEY_UILaunchScreen_Generation = YES;
				INFOPLIST_KEY_UISupportedInterfaceOrientations_iPad = "UIInterfaceOrientationPortrait UIInterfaceOrientationPortraitUpsideDown UIInterfaceOrientationLandscapeLeft UIInterfaceOrientationLandscapeRight";
				INFOPLIST_KEY_UISupportedInterfaceOrientations_iPhone = "UIInterfaceOrientationPortrait UIInterfaceOrientationLandscapeLeft UIInterfaceOrientationLandscapeRight";
				INFOPLIST_PREPROCESS = NO;
				LD_RUNPATH_SEARCH_PATHS = (
					"$(inherited)",
					"@executable_path/Frameworks",
				);
				MARKETING_VERSION = 1.0;
				PRODUCT_BUNDLE_IDENTIFIER = "Denkan.bereal-clone";
				PRODUCT_NAME = "$(TARGET_NAME)";
				SWIFT_EMIT_LOC_STRINGS = YES;
				SWIFT_VERSION = 5.0;
				TARGETED_DEVICE_FAMILY = "1,2";
			};
			name = Debug;
		};
		A84E497C2B969E5000AB19EE /* Release */ = {
			isa = XCBuildConfiguration;
			buildSettings = {
				ASSETCATALOG_COMPILER_APPICON_NAME = AppIcon;
				ASSETCATALOG_COMPILER_GLOBAL_ACCENT_COLOR_NAME = AccentColor;
				CODE_SIGN_STYLE = Automatic;
				CURRENT_PROJECT_VERSION = 1;
				DEVELOPMENT_ASSET_PATHS = "\"bereal-clone/Preview Content\"";
				DEVELOPMENT_TEAM = N5XJ8MYCY3;
				ENABLE_PREVIEWS = YES;
				GENERATE_INFOPLIST_FILE = YES;
				INFOPLIST_FILE = "bereal-clone/Info.plist";
				INFOPLIST_KEY_UIApplicationSceneManifest_Generation = YES;
				INFOPLIST_KEY_UIApplicationSupportsIndirectInputEvents = YES;
				INFOPLIST_KEY_UILaunchScreen_Generation = YES;
				INFOPLIST_KEY_UISupportedInterfaceOrientations_iPad = "UIInterfaceOrientationPortrait UIInterfaceOrientationPortraitUpsideDown UIInterfaceOrientationLandscapeLeft UIInterfaceOrientationLandscapeRight";
				INFOPLIST_KEY_UISupportedInterfaceOrientations_iPhone = "UIInterfaceOrientationPortrait UIInterfaceOrientationLandscapeLeft UIInterfaceOrientationLandscapeRight";
				INFOPLIST_PREPROCESS = NO;
				LD_RUNPATH_SEARCH_PATHS = (
					"$(inherited)",
					"@executable_path/Frameworks",
				);
				MARKETING_VERSION = 1.0;
				PRODUCT_BUNDLE_IDENTIFIER = "Denkan.bereal-clone";
				PRODUCT_NAME = "$(TARGET_NAME)";
				SWIFT_EMIT_LOC_STRINGS = YES;
				SWIFT_VERSION = 5.0;
				TARGETED_DEVICE_FAMILY = "1,2";
			};
			name = Release;
		};
/* End XCBuildConfiguration section */

/* Begin XCConfigurationList section */
		A84E49672B969E4E00AB19EE /* Build configuration list for PBXProject "bereal-clone" */ = {
			isa = XCConfigurationList;
			buildConfigurations = (
				A84E49782B969E5000AB19EE /* Debug */,
				A84E49792B969E5000AB19EE /* Release */,
			);
			defaultConfigurationIsVisible = 0;
			defaultConfigurationName = Release;
		};
		A84E497A2B969E5000AB19EE /* Build configuration list for PBXNativeTarget "bereal-clone" */ = {
			isa = XCConfigurationList;
			buildConfigurations = (
				A84E497B2B969E5000AB19EE /* Debug */,
				A84E497C2B969E5000AB19EE /* Release */,
			);
			defaultConfigurationIsVisible = 0;
			defaultConfigurationName = Release;
		};
/* End XCConfigurationList section */

/* Begin XCRemoteSwiftPackageReference section */
		A84E497D2B96A09000AB19EE /* XCRemoteSwiftPackageReference "supabase-swift" */ = {
			isa = XCRemoteSwiftPackageReference;
			repositoryURL = "https://github.com/supabase-community/supabase-swift.git";
			requirement = {
				kind = upToNextMajorVersion;
				minimumVersion = 2.3.1;
			};
		};
/* End XCRemoteSwiftPackageReference section */

/* Begin XCSwiftPackageProductDependency section */
		A84E497E2B96A09100AB19EE /* Auth */ = {
			isa = XCSwiftPackageProductDependency;
			package = A84E497D2B96A09000AB19EE /* XCRemoteSwiftPackageReference "supabase-swift" */;
			productName = Auth;
		};
		A84E49802B96A09100AB19EE /* Functions */ = {
			isa = XCSwiftPackageProductDependency;
			package = A84E497D2B96A09000AB19EE /* XCRemoteSwiftPackageReference "supabase-swift" */;
			productName = Functions;
		};
		A84E49822B96A09100AB19EE /* PostgREST */ = {
			isa = XCSwiftPackageProductDependency;
			package = A84E497D2B96A09000AB19EE /* XCRemoteSwiftPackageReference "supabase-swift" */;
			productName = PostgREST;
		};
		A84E49842B96A09100AB19EE /* Realtime */ = {
			isa = XCSwiftPackageProductDependency;
			package = A84E497D2B96A09000AB19EE /* XCRemoteSwiftPackageReference "supabase-swift" */;
			productName = Realtime;
		};
		A84E49862B96A09100AB19EE /* Storage */ = {
			isa = XCSwiftPackageProductDependency;
			package = A84E497D2B96A09000AB19EE /* XCRemoteSwiftPackageReference "supabase-swift" */;
			productName = Storage;
		};
		A8F750132B96A63300925363 /* Auth */ = {
			isa = XCSwiftPackageProductDependency;
			package = A84E497D2B96A09000AB19EE /* XCRemoteSwiftPackageReference "supabase-swift" */;
			productName = Auth;
		};
		A8F750152B96A63300925363 /* Functions */ = {
			isa = XCSwiftPackageProductDependency;
			package = A84E497D2B96A09000AB19EE /* XCRemoteSwiftPackageReference "supabase-swift" */;
			productName = Functions;
		};
		A8F750172B96A63300925363 /* PostgREST */ = {
			isa = XCSwiftPackageProductDependency;
			package = A84E497D2B96A09000AB19EE /* XCRemoteSwiftPackageReference "supabase-swift" */;
			productName = PostgREST;
		};
		A8F750192B96A63300925363 /* Realtime */ = {
			isa = XCSwiftPackageProductDependency;
			package = A84E497D2B96A09000AB19EE /* XCRemoteSwiftPackageReference "supabase-swift" */;
			productName = Realtime;
		};
		A8F7501B2B96A63300925363 /* Storage */ = {
			isa = XCSwiftPackageProductDependency;
			package = A84E497D2B96A09000AB19EE /* XCRemoteSwiftPackageReference "supabase-swift" */;
			productName = Storage;
		};
		A8F7501D2B96A63300925363 /* Supabase */ = {
			isa = XCSwiftPackageProductDependency;
			package = A84E497D2B96A09000AB19EE /* XCRemoteSwiftPackageReference "supabase-swift" */;
			productName = Supabase;
		};
/* End XCSwiftPackageProductDependency section */
	};
	rootObject = A84E49642B969E4E00AB19EE /* Project object */;
}
